
Microsoft Visual Studio Solution File, Format Version 12.00
# Visual Studio Version 16
VisualStudioVersion = 16.0.31911.196
MinimumVisualStudioVersion = 10.0.40219.1
Project("{FAE04EC0-301F-11D3-BF4B-00C04F79EFBC}") = "DailyReport", "DailyReport\DailyReport.csproj", "{275DF0FE-861E-409C-B79E-2A93437F58BC}"
EndProject
Global
	GlobalSection(SolutionConfigurationPlatforms) = preSolution
		Debug|Any CPU = Debug|Any CPU
		Release|Any CPU = Release|Any CPU
	EndGlobalSection
	GlobalSection(ProjectConfigurationPlatforms) = postSolution
		{275DF0FE-861E-409C-B79E-2A93437F58BC}.Debug|Any CPU.ActiveCfg = Debug|Any CPU
		{275DF0FE-861E-409C-B79E-2A93437F58BC}.Debug|Any CPU.Build.0 = Debug|Any CPU
		{275DF0FE-861E-409C-B79E-2A93437F58BC}.Release|Any CPU.ActiveCfg = Release|Any CPU
		{275DF0FE-861E-409C-B79E-2A93437F58BC}.Release|Any CPU.Build.0 = Release|Any CPU
	EndGlobalSection
	GlobalSection(SolutionProperties) = preSolution
		HideSolutionNode = FALSE
	EndGlobalSection
	GlobalSection(ExtensibilityGlobals) = postSolution
		SolutionGuid = {ED23DCAF-52EF-4B4A-86A9-6DD49110B9AF}
	EndGlobalSection
EndGlobal
