
Microsoft Visual Studio Solution File, Format Version 12.00
# Visual Studio Version 16
VisualStudioVersion = 16.0.31911.196
MinimumVisualStudioVersion = 10.0.40219.1
Project("{FAE04EC0-301F-11D3-BF4B-00C04F79EFBC}") = "OutputParameters", "OutputParameters\OutputParameters.csproj", "{6DE3A1DB-2902-4B52-A811-0B0A07275372}"
EndProject
Global
	GlobalSection(SolutionConfigurationPlatforms) = preSolution
		Debug|Any CPU = Debug|Any CPU
		Release|Any CPU = Release|Any CPU
	EndGlobalSection
	GlobalSection(ProjectConfigurationPlatforms) = postSolution
		{6DE3A1DB-2902-4B52-A811-0B0A07275372}.Debug|Any CPU.ActiveCfg = Debug|Any CPU
		{6DE3A1DB-2902-4B52-A811-0B0A07275372}.Debug|Any CPU.Build.0 = Debug|Any CPU
		{6DE3A1DB-2902-4B52-A811-0B0A07275372}.Release|Any CPU.ActiveCfg = Release|Any CPU
		{6DE3A1DB-2902-4B52-A811-0B0A07275372}.Release|Any CPU.Build.0 = Release|Any CPU
	EndGlobalSection
	GlobalSection(SolutionProperties) = preSolution
		HideSolutionNode = FALSE
	EndGlobalSection
	GlobalSection(ExtensibilityGlobals) = postSolution
		SolutionGuid = {D8BAD612-EB6E-4949-95B2-A7B29E439DD2}
	EndGlobalSection
EndGlobal
