
Microsoft Visual Studio Solution File, Format Version 12.00
# Visual Studio Version 16
VisualStudioVersion = 16.0.31911.196
MinimumVisualStudioVersion = 10.0.40219.1
Project("{FAE04EC0-301F-11D3-BF4B-00C04F79EFBC}") = "TwentyOne", "TwentyOne\TwentyOne.csproj", "{3CC7F3B4-77DC-4431-80F3-2B6614461E4A}"
EndProject
Project("{FAE04EC0-301F-11D3-BF4B-00C04F79EFBC}") = "Casino", "Casino\Casino.csproj", "{4A2D5792-3EB4-441B-9DD4-38CDADE49CB1}"
EndProject
Global
	GlobalSection(SolutionConfigurationPlatforms) = preSolution
		Debug|Any CPU = Debug|Any CPU
		Release|Any CPU = Release|Any CPU
	EndGlobalSection
	GlobalSection(ProjectConfigurationPlatforms) = postSolution
		{3CC7F3B4-77DC-4431-80F3-2B6614461E4A}.Debug|Any CPU.ActiveCfg = Debug|Any CPU
		{3CC7F3B4-77DC-4431-80F3-2B6614461E4A}.Debug|Any CPU.Build.0 = Debug|Any CPU
		{3CC7F3B4-77DC-4431-80F3-2B6614461E4A}.Release|Any CPU.ActiveCfg = Release|Any CPU
		{3CC7F3B4-77DC-4431-80F3-2B6614461E4A}.Release|Any CPU.Build.0 = Release|Any CPU
		{4A2D5792-3EB4-441B-9DD4-38CDADE49CB1}.Debug|Any CPU.ActiveCfg = Debug|Any CPU
		{4A2D5792-3EB4-441B-9DD4-38CDADE49CB1}.Debug|Any CPU.Build.0 = Debug|Any CPU
		{4A2D5792-3EB4-441B-9DD4-38CDADE49CB1}.Release|Any CPU.ActiveCfg = Release|Any CPU
		{4A2D5792-3EB4-441B-9DD4-38CDADE49CB1}.Release|Any CPU.Build.0 = Release|Any CPU
	EndGlobalSection
	GlobalSection(SolutionProperties) = preSolution
		HideSolutionNode = FALSE
	EndGlobalSection
	GlobalSection(ExtensibilityGlobals) = postSolution
		SolutionGuid = {587B04CE-EA85-457A-8A89-1B017422044A}
	EndGlobalSection
EndGlobal
