
Microsoft Visual Studio Solution File, Format Version 12.00
# Visual Studio Version 16
VisualStudioVersion = 16.0.31911.196
MinimumVisualStudioVersion = 10.0.40219.1
Project("{FAE04EC0-301F-11D3-BF4B-00C04F79EFBC}") = "MathAndComparisonOperator", "MathAndComparisonOperator\MathAndComparisonOperator.csproj", "{184AEE52-7613-46C2-9785-32AA9846F89B}"
EndProject
Global
	GlobalSection(SolutionConfigurationPlatforms) = preSolution
		Debug|Any CPU = Debug|Any CPU
		Release|Any CPU = Release|Any CPU
	EndGlobalSection
	GlobalSection(ProjectConfigurationPlatforms) = postSolution
		{184AEE52-7613-46C2-9785-32AA9846F89B}.Debug|Any CPU.ActiveCfg = Debug|Any CPU
		{184AEE52-7613-46C2-9785-32AA9846F89B}.Debug|Any CPU.Build.0 = Debug|Any CPU
		{184AEE52-7613-46C2-9785-32AA9846F89B}.Release|Any CPU.ActiveCfg = Release|Any CPU
		{184AEE52-7613-46C2-9785-32AA9846F89B}.Release|Any CPU.Build.0 = Release|Any CPU
	EndGlobalSection
	GlobalSection(SolutionProperties) = preSolution
		HideSolutionNode = FALSE
	EndGlobalSection
	GlobalSection(ExtensibilityGlobals) = postSolution
		SolutionGuid = {3963377E-E5B6-4594-B1E0-B5D6EABFA3B0}
	EndGlobalSection
EndGlobal
