
Microsoft Visual Studio Solution File, Format Version 12.00
# Visual Studio Version 16
VisualStudioVersion = 16.0.31911.196
MinimumVisualStudioVersion = 10.0.40219.1
Project("{FAE04EC0-301F-11D3-BF4B-00C04F79EFBC}") = "StringFuctions", "StringFuctions\StringFuctions.csproj", "{7D9B7383-2E28-4295-9C2B-3E670DD067A4}"
EndProject
Global
	GlobalSection(SolutionConfigurationPlatforms) = preSolution
		Debug|Any CPU = Debug|Any CPU
		Release|Any CPU = Release|Any CPU
	EndGlobalSection
	GlobalSection(ProjectConfigurationPlatforms) = postSolution
		{7D9B7383-2E28-4295-9C2B-3E670DD067A4}.Debug|Any CPU.ActiveCfg = Debug|Any CPU
		{7D9B7383-2E28-4295-9C2B-3E670DD067A4}.Debug|Any CPU.Build.0 = Debug|Any CPU
		{7D9B7383-2E28-4295-9C2B-3E670DD067A4}.Release|Any CPU.ActiveCfg = Release|Any CPU
		{7D9B7383-2E28-4295-9C2B-3E670DD067A4}.Release|Any CPU.Build.0 = Release|Any CPU
	EndGlobalSection
	GlobalSection(SolutionProperties) = preSolution
		HideSolutionNode = FALSE
	EndGlobalSection
	GlobalSection(ExtensibilityGlobals) = postSolution
		SolutionGuid = {8560D19D-53EA-41E3-9994-C81B535AC8C3}
	EndGlobalSection
EndGlobal
