
Microsoft Visual Studio Solution File, Format Version 12.00
# Visual Studio Version 16
VisualStudioVersion = 16.0.31911.196
MinimumVisualStudioVersion = 10.0.40219.1
Project("{FAE04EC0-301F-11D3-BF4B-00C04F79EFBC}") = "BooleanLogic", "BooleanLogic\BooleanLogic.csproj", "{D6F52D97-82B5-4197-A501-6990CBA8F331}"
EndProject
Global
	GlobalSection(SolutionConfigurationPlatforms) = preSolution
		Debug|Any CPU = Debug|Any CPU
		Release|Any CPU = Release|Any CPU
	EndGlobalSection
	GlobalSection(ProjectConfigurationPlatforms) = postSolution
		{D6F52D97-82B5-4197-A501-6990CBA8F331}.Debug|Any CPU.ActiveCfg = Debug|Any CPU
		{D6F52D97-82B5-4197-A501-6990CBA8F331}.Debug|Any CPU.Build.0 = Debug|Any CPU
		{D6F52D97-82B5-4197-A501-6990CBA8F331}.Release|Any CPU.ActiveCfg = Release|Any CPU
		{D6F52D97-82B5-4197-A501-6990CBA8F331}.Release|Any CPU.Build.0 = Release|Any CPU
	EndGlobalSection
	GlobalSection(SolutionProperties) = preSolution
		HideSolutionNode = FALSE
	EndGlobalSection
	GlobalSection(ExtensibilityGlobals) = postSolution
		SolutionGuid = {B4848539-DDC8-4C8D-9B3D-9E6F5C25BCA9}
	EndGlobalSection
EndGlobal
