
Microsoft Visual Studio Solution File, Format Version 12.00
# Visual Studio Version 16
VisualStudioVersion = 16.0.31911.196
MinimumVisualStudioVersion = 10.0.40219.1
Project("{FAE04EC0-301F-11D3-BF4B-00C04F79EFBC}") = "TryCatch", "TryCatch\TryCatch.csproj", "{78747AF6-4A8C-4627-9D80-1761BE09881A}"
EndProject
Global
	GlobalSection(SolutionConfigurationPlatforms) = preSolution
		Debug|Any CPU = Debug|Any CPU
		Release|Any CPU = Release|Any CPU
	EndGlobalSection
	GlobalSection(ProjectConfigurationPlatforms) = postSolution
		{78747AF6-4A8C-4627-9D80-1761BE09881A}.Debug|Any CPU.ActiveCfg = Debug|Any CPU
		{78747AF6-4A8C-4627-9D80-1761BE09881A}.Debug|Any CPU.Build.0 = Debug|Any CPU
		{78747AF6-4A8C-4627-9D80-1761BE09881A}.Release|Any CPU.ActiveCfg = Release|Any CPU
		{78747AF6-4A8C-4627-9D80-1761BE09881A}.Release|Any CPU.Build.0 = Release|Any CPU
	EndGlobalSection
	GlobalSection(SolutionProperties) = preSolution
		HideSolutionNode = FALSE
	EndGlobalSection
	GlobalSection(ExtensibilityGlobals) = postSolution
		SolutionGuid = {9D0D25B5-15A5-4879-A08F-B52D04A5EEDD}
	EndGlobalSection
EndGlobal
